// !$*UTF8*$!
{
	archiveVersion = 1;
	classes = {
	};
	objectVersion = 46;
	objects = {

/* Begin PBXBuildFile section */
		1799EEBF1CD4919900742B05 /* AppDelegate.swift in Sources */ = {isa = PBXBuildFile; fileRef = 1799EEBE1CD4919900742B05 /* AppDelegate.swift */; };
		1799EEC41CD4919900742B05 /* Main.storyboard in Resources */ = {isa = PBXBuildFile; fileRef = 1799EEC21CD4919900742B05 /* Main.storyboard */; };
		1799EEC61CD4919900742B05 /* Assets.xcassets in Resources */ = {isa = PBXBuildFile; fileRef = 1799EEC51CD4919900742B05 /* Assets.xcassets */; };
		1799EEC91CD4919900742B05 /* LaunchScreen.storyboard in Resources */ = {isa = PBXBuildFile; fileRef = 1799EEC71CD4919900742B05 /* LaunchScreen.storyboard */; };
		17B9ACA81CD497B2003AD48F /* ProductListViewController.swift in Sources */ = {isa = PBXBuildFile; fileRef = 17B9ACA71CD497B2003AD48F /* ProductListViewController.swift */; };
		17B9ACAF1CD4983A003AD48F /* Product.swift in Sources */ = {isa = PBXBuildFile; fileRef = 17B9ACAE1CD4983A003AD48F /* Product.swift */; };
		17B9ACB31CD49BA2003AD48F /* ProductListView.swift in Sources */ = {isa = PBXBuildFile; fileRef = 17B9ACB21CD49BA2003AD48F /* ProductListView.swift */; };
		17B9ACB51CD49C6D003AD48F /* ProductListViewPresenter.swift in Sources */ = {isa = PBXBuildFile; fileRef = 17B9ACB41CD49C6D003AD48F /* ProductListViewPresenter.swift */; };
		17B9ACB71CD49D14003AD48F /* ProductListPresenter.swift in Sources */ = {isa = PBXBuildFile; fileRef = 17B9ACB61CD49D14003AD48F /* ProductListPresenter.swift */; };
		17B9ACB91CD49EEC003AD48F /* ProductListDataSource.swift in Sources */ = {isa = PBXBuildFile; fileRef = 17B9ACB81CD49EEC003AD48F /* ProductListDataSource.swift */; };
/* End PBXBuildFile section */

/* Begin PBXFileReference section */
		1799EEBB1CD4919900742B05 /* MGMVPDemo.app */ = {isa = PBXFileReference; explicitFileType = wrapper.application; includeInIndex = 0; path = MGMVPDemo.app; sourceTree = BUILT_PRODUCTS_DIR; };
		1799EEBE1CD4919900742B05 /* AppDelegate.swift */ = {isa = PBXFileReference; lastKnownFileType = sourcecode.swift; path = AppDelegate.swift; sourceTree = "<group>"; };
		1799EEC31CD4919900742B05 /* Base */ = {isa = PBXFileReference; lastKnownFileType = file.storyboard; name = Base; path = Base.lproj/Main.storyboard; sourceTree = "<group>"; };
		1799EEC51CD4919900742B05 /* Assets.xcassets */ = {isa = PBXFileReference; lastKnownFileType = folder.assetcatalog; path = Assets.xcassets; sourceTree = "<group>"; };
		1799EEC81CD4919900742B05 /* Base */ = {isa = PBXFileReference; lastKnownFileType = file.storyboard; name = Base; path = Base.lproj/LaunchScreen.storyboard; sourceTree = "<group>"; };
		1799EECA1CD4919900742B05 /* Info.plist */ = {isa = PBXFileReference; lastKnownFileType = text.plist.xml; path = Info.plist; sourceTree = "<group>"; };
		17B9ACA71CD497B2003AD48F /* ProductListViewController.swift */ = {isa = PBXFileReference; fileEncoding = 4; lastKnownFileType = sourcecode.swift; path = ProductListViewController.swift; sourceTree = "<group>"; };
		17B9ACAE1CD4983A003AD48F /* Product.swift */ = {isa = PBXFileReference; fileEncoding = 4; lastKnownFileType = sourcecode.swift; path = Product.swift; sourceTree = "<group>"; };
		17B9ACB21CD49BA2003AD48F /* ProductListView.swift */ = {isa = PBXFileReference; fileEncoding = 4; lastKnownFileType = sourcecode.swift; path = ProductListView.swift; sourceTree = "<group>"; };
		17B9ACB41CD49C6D003AD48F /* ProductListViewPresenter.swift */ = {isa = PBXFileReference; fileEncoding = 4; lastKnownFileType = sourcecode.swift; path = ProductListViewPresenter.swift; sourceTree = "<group>"; };
		17B9ACB61CD49D14003AD48F /* ProductListPresenter.swift */ = {isa = PBXFileReference; fileEncoding = 4; lastKnownFileType = sourcecode.swift; path = ProductListPresenter.swift; sourceTree = "<group>"; };
		17B9ACB81CD49EEC003AD48F /* ProductListDataSource.swift */ = {isa = PBXFileReference; fileEncoding = 4; lastKnownFileType = sourcecode.swift; path = ProductListDataSource.swift; sourceTree = "<group>"; };
/* End PBXFileReference section */

/* Begin PBXFrameworksBuildPhase section */
		1799EEB81CD4919900742B05 /* Frameworks */ = {
			isa = PBXFrameworksBuildPhase;
			buildActionMask = 2147483647;
			files = (
			);
			runOnlyForDeploymentPostprocessing = 0;
		};
/* End PBXFrameworksBuildPhase section */

/* Begin PBXGroup section */
		1799EEB21CD4919900742B05 = {
			isa = PBXGroup;
			children = (
				1799EEBD1CD4919900742B05 /* MGMVPDemo */,
				1799EEBC1CD4919900742B05 /* Products */,
			);
			sourceTree = "<group>";
		};
		1799EEBC1CD4919900742B05 /* Products */ = {
			isa = PBXGroup;
			children = (
				1799EEBB1CD4919900742B05 /* MGMVPDemo.app */,
			);
			name = Products;
			sourceTree = "<group>";
		};
		1799EEBD1CD4919900742B05 /* MGMVPDemo */ = {
			isa = PBXGroup;
			children = (
				17B9ACAC1CD49814003AD48F /* Services */,
				17B9ACAB1CD4980F003AD48F /* UI */,
				1799EEBE1CD4919900742B05 /* AppDelegate.swift */,
				1799EEC21CD4919900742B05 /* Main.storyboard */,
				1799EEC51CD4919900742B05 /* Assets.xcassets */,
				1799EEC71CD4919900742B05 /* LaunchScreen.storyboard */,
				1799EECA1CD4919900742B05 /* Info.plist */,
			);
			path = MGMVPDemo;
			sourceTree = "<group>";
		};
		17B9ACAB1CD4980F003AD48F /* UI */ = {
			isa = PBXGroup;
			children = (
				17B9ACB01CD49B59003AD48F /* ProductList */,
			);
			name = UI;
			sourceTree = "<group>";
		};
		17B9ACAC1CD49814003AD48F /* Services */ = {
			isa = PBXGroup;
			children = (
				17B9ACAE1CD4983A003AD48F /* Product.swift */,
			);
			name = Services;
			sourceTree = "<group>";
		};
		17B9ACB01CD49B59003AD48F /* ProductList */ = {
			isa = PBXGroup;
			children = (
				17B9ACA71CD497B2003AD48F /* ProductListViewController.swift */,
				17B9ACB21CD49BA2003AD48F /* ProductListView.swift */,
				17B9ACB41CD49C6D003AD48F /* ProductListViewPresenter.swift */,
				17B9ACB61CD49D14003AD48F /* ProductListPresenter.swift */,
				17B9ACB81CD49EEC003AD48F /* ProductListDataSource.swift */,
			);
			name = ProductList;
			sourceTree = "<group>";
		};
/* End PBXGroup section */

/* Begin PBXNativeTarget section */
		1799EEBA1CD4919900742B05 /* MGMVPDemo */ = {
			isa = PBXNativeTarget;
			buildConfigurationList = 1799EECD1CD4919900742B05 /* Build configuration list for PBXNativeTarget "MGMVPDemo" */;
			buildPhases = (
				1799EEB71CD4919900742B05 /* Sources */,
				1799EEB81CD4919900742B05 /* Frameworks */,
				1799EEB91CD4919900742B05 /* Resources */,
			);
			buildRules = (
			);
			dependencies = (
			);
			name = MGMVPDemo;
			productName = MGMVPDemo;
			productReference = 1799EEBB1CD4919900742B05 /* MGMVPDemo.app */;
			productType = "com.apple.product-type.application";
		};
/* End PBXNativeTarget section */

/* Begin PBXProject section */
		1799EEB31CD4919900742B05 /* Project object */ = {
			isa = PBXProject;
			attributes = {
				LastSwiftUpdateCheck = 0730;
				LastUpgradeCheck = 0730;
				ORGANIZATIONNAME = "Tuan Truong";
				TargetAttributes = {
					1799EEBA1CD4919900742B05 = {
						CreatedOnToolsVersion = 7.3;
						LastSwiftMigration = 0830;
					};
				};
			};
			buildConfigurationList = 1799EEB61CD4919900742B05 /* Build configuration list for PBXProject "MGMVPDemo" */;
			compatibilityVersion = "Xcode 3.2";
			developmentRegion = English;
			hasScannedForEncodings = 0;
			knownRegions = (
				en,
				Base,
			);
			mainGroup = 1799EEB21CD4919900742B05;
			productRefGroup = 1799EEBC1CD4919900742B05 /* Products */;
			projectDirPath = "";
			projectRoot = "";
			targets = (
				1799EEBA1CD4919900742B05 /* MGMVPDemo */,
			);
		};
/* End PBXProject section */

/* Begin PBXResourcesBuildPhase section */
		1799EEB91CD4919900742B05 /* Resources */ = {
			isa = PBXResourcesBuildPhase;
			buildActionMask = 2147483647;
			files = (
				1799EEC91CD4919900742B05 /* LaunchScreen.storyboard in Resources */,
				1799EEC61CD4919900742B05 /* Assets.xcassets in Resources */,
				1799EEC41CD4919900742B05 /* Main.storyboard in Resources */,
			);
			runOnlyForDeploymentPostprocessing = 0;
		};
/* End PBXResourcesBuildPhase section */

/* Begin PBXSourcesBuildPhase section */
		1799EEB71CD4919900742B05 /* Sources */ = {
			isa = PBXSourcesBuildPhase;
			buildActionMask = 2147483647;
			files = (
				17B9ACAF1CD4983A003AD48F /* Product.swift in Sources */,
				17B9ACB71CD49D14003AD48F /* ProductListPresenter.swift in Sources */,
				17B9ACA81CD497B2003AD48F /* ProductListViewController.swift in Sources */,
				17B9ACB51CD49C6D003AD48F /* ProductListViewPresenter.swift in Sources */,
				1799EEBF1CD4919900742B05 /* AppDelegate.swift in Sources */,
				17B9ACB91CD49EEC003AD48F /* ProductListDataSource.swift in Sources */,
				17B9ACB31CD49BA2003AD48F /* ProductListView.swift in Sources */,
			);
			runOnlyForDeploymentPostprocessing = 0;
		};
/* End PBXSourcesBuildPhase section */

/* Begin PBXVariantGroup section */
		1799EEC21CD4919900742B05 /* Main.storyboard */ = {
			isa = PBXVariantGroup;
			children = (
				1799EEC31CD4919900742B05 /* Base */,
			);
			name = Main.storyboard;
			sourceTree = "<group>";
		};
		1799EEC71CD4919900742B05 /* LaunchScreen.storyboard */ = {
			isa = PBXVariantGroup;
			children = (
				1799EEC81CD4919900742B05 /* Base */,
			);
			name = LaunchScreen.storyboard;
			sourceTree = "<group>";
		};
/* End PBXVariantGroup section */

/* Begin XCBuildConfiguration section */
		1799EECB1CD4919900742B05 /* Debug */ = {
			isa = XCBuildConfiguration;
			buildSettings = {
				ALWAYS_SEARCH_USER_PATHS = NO;
				CLANG_ANALYZER_NONNULL = YES;
				CLANG_CXX_LANGUAGE_STANDARD = "gnu++0x";
				CLANG_CXX_LIBRARY = "libc++";
				CLANG_ENABLE_MODULES = YES;
				CLANG_ENABLE_OBJC_ARC = YES;
				CLANG_WARN_BOOL_CONVERSION = YES;
				CLANG_WARN_CONSTANT_CONVERSION = YES;
				CLANG_WARN_DIRECT_OBJC_ISA_USAGE = YES_ERROR;
				CLANG_WARN_EMPTY_BODY = YES;
				CLANG_WARN_ENUM_CONVERSION = YES;
				CLANG_WARN_INT_CONVERSION = YES;
				CLANG_WARN_OBJC_ROOT_CLASS = YES_ERROR;
				CLANG_WARN_UNREACHABLE_CODE = YES;
				CLANG_WARN__DUPLICATE_METHOD_MATCH = YES;
				"CODE_SIGN_IDENTITY[sdk=iphoneos*]" = "iPhone Developer";
				COPY_PHASE_STRIP = NO;
				DEBUG_INFORMATION_FORMAT = dwarf;
				ENABLE_STRICT_OBJC_MSGSEND = YES;
				ENABLE_TESTABILITY = YES;
				GCC_C_LANGUAGE_STANDARD = gnu99;
				GCC_DYNAMIC_NO_PIC = NO;
				GCC_NO_COMMON_BLOCKS = YES;
				GCC_OPTIMIZATION_LEVEL = 0;
				GCC_PREPROCESSOR_DEFINITIONS = (
					"DEBUG=1",
					"$(inherited)",
				);
				GCC_WARN_64_TO_32_BIT_CONVERSION = YES;
				GCC_WARN_ABOUT_RETURN_TYPE = YES_ERROR;
				GCC_WARN_UNDECLARED_SELECTOR = YES;
				GCC_WARN_UNINITIALIZED_AUTOS = YES_AGGRESSIVE;
				GCC_WARN_UNUSED_FUNCTION = YES;
				GCC_WARN_UNUSED_VARIABLE = YES;
				IPHONEOS_DEPLOYMENT_TARGET = 9.3;
				MTL_ENABLE_DEBUG_INFO = YES;
				ONLY_ACTIVE_ARCH = YES;
				SDKROOT = iphoneos;
				SWIFT_OPTIMIZATION_LEVEL = "-Onone";
				TARGETED_DEVICE_FAMILY = "1,2";
			};
			name = Debug;
		};
		1799EECC1CD4919900742B05 /* Release */ = {
			isa = XCBuildConfiguration;
			buildSettings = {
				ALWAYS_SEARCH_USER_PATHS = NO;
				CLANG_ANALYZER_NONNULL = YES;
				CLANG_CXX_LANGUAGE_STANDARD = "gnu++0x";
				CLANG_CXX_LIBRARY = "libc++";
				CLANG_ENABLE_MODULES = YES;
				CLANG_ENABLE_OBJC_ARC = YES;
				CLANG_WARN_BOOL_CONVERSION = YES;
				CLANG_WARN_CONSTANT_CONVERSION = YES;
				CLANG_WARN_DIRECT_OBJC_ISA_USAGE = YES_ERROR;
				CLANG_WARN_EMPTY_BODY = YES;
				CLANG_WARN_ENUM_CONVERSION = YES;
				CLANG_WARN_INT_CONVERSION = YES;
				CLANG_WARN_OBJC_ROOT_CLASS = YES_ERROR;
				CLANG_WARN_UNREACHABLE_CODE = YES;
				CLANG_WARN__DUPLICATE_METHOD_MATCH = YES;
				"CODE_SIGN_IDENTITY[sdk=iphoneos*]" = "iPhone Developer";
				COPY_PHASE_STRIP = NO;
				DEBUG_INFORMATION_FORMAT = "dwarf-with-dsym";
				ENABLE_NS_ASSERTIONS = NO;
				ENABLE_STRICT_OBJC_MSGSEND = YES;
				GCC_C_LANGUAGE_STANDARD = gnu99;
				GCC_NO_COMMON_BLOCKS = YES;
				GCC_WARN_64_TO_32_BIT_CONVERSION = YES;
				GCC_WARN_ABOUT_RETURN_TYPE = YES_ERROR;
				GCC_WARN_UNDECLARED_SELECTOR = YES;
				GCC_WARN_UNINITIALIZED_AUTOS = YES_AGGRESSIVE;
				GCC_WARN_UNUSED_FUNCTION = YES;
				GCC_WARN_UNUSED_VARIABLE = YES;
				IPHONEOS_DEPLOYMENT_TARGET = 9.3;
				MTL_ENABLE_DEBUG_INFO = NO;
				SDKROOT = iphoneos;
				TARGETED_DEVICE_FAMILY = "1,2";
				VALIDATE_PRODUCT = YES;
			};
			name = Release;
		};
		1799EECE1CD4919900742B05 /* Debug */ = {
			isa = XCBuildConfiguration;
			buildSettings = {
				ASSETCATALOG_COMPILER_APPICON_NAME = AppIcon;
				INFOPLIST_FILE = MGMVPDemo/Info.plist;
				LD_RUNPATH_SEARCH_PATHS = "$(inherited) @executable_path/Frameworks";
				PRODUCT_BUNDLE_IDENTIFIER = truong.tuan.MGMVPDemo;
				PRODUCT_NAME = "$(TARGET_NAME)";
				SWIFT_VERSION = 3.0;
			};
			name = Debug;
		};
		1799EECF1CD4919900742B05 /* Release */ = {
			isa = XCBuildConfiguration;
			buildSettings = {
				ASSETCATALOG_COMPILER_APPICON_NAME = AppIcon;
				INFOPLIST_FILE = MGMVPDemo/Info.plist;
				LD_RUNPATH_SEARCH_PATHS = "$(inherited) @executable_path/Frameworks";
				PRODUCT_BUNDLE_IDENTIFIER = truong.tuan.MGMVPDemo;
				PRODUCT_NAME = "$(TARGET_NAME)";
				SWIFT_VERSION = 3.0;
			};
			name = Release;
		};
/* End XCBuildConfiguration section */

/* Begin XCConfigurationList section */
		1799EEB61CD4919900742B05 /* Build configuration list for PBXProject "MGMVPDemo" */ = {
			isa = XCConfigurationList;
			buildConfigurations = (
				1799EECB1CD4919900742B05 /* Debug */,
				1799EECC1CD4919900742B05 /* Release */,
			);
			defaultConfigurationIsVisible = 0;
			defaultConfigurationName = Release;
		};
		1799EECD1CD4919900742B05 /* Build configuration list for PBXNativeTarget "MGMVPDemo" */ = {
			isa = XCConfigurationList;
			buildConfigurations = (
				1799EECE1CD4919900742B05 /* Debug */,
				1799EECF1CD4919900742B05 /* Release */,
			);
			defaultConfigurationIsVisible = 0;
			defaultConfigurationName = Release;
		};
/* End XCConfigurationList section */
	};
	rootObject = 1799EEB31CD4919900742B05 /* Project object */;
}
