// !$*UTF8*$!
{
	archiveVersion = 1;
	classes = {
	};
	objectVersion = 46;
	objects = {

/* Begin PBXBuildFile section */
		920477981ECC21EC003CEACF /* AppDelegate.swift in Sources */ = {isa = PBXBuildFile; fileRef = 920477971ECC21EC003CEACF /* AppDelegate.swift */; };
		9204779A1ECC21EC003CEACF /* ViewController.swift in Sources */ = {isa = PBXBuildFile; fileRef = 920477991ECC21EC003CEACF /* ViewController.swift */; };
		9204779D1ECC21EC003CEACF /* Main.storyboard in Resources */ = {isa = PBXBuildFile; fileRef = 9204779B1ECC21EC003CEACF /* Main.storyboard */; };
		9204779F1ECC21EC003CEACF /* Assets.xcassets in Resources */ = {isa = PBXBuildFile; fileRef = 9204779E1ECC21EC003CEACF /* Assets.xcassets */; };
		920477A21ECC21EC003CEACF /* LaunchScreen.storyboard in Resources */ = {isa = PBXBuildFile; fileRef = 920477A01ECC21EC003CEACF /* LaunchScreen.storyboard */; };
		920477AA1ECC21FD003CEACF /* LoginViewController.swift in Sources */ = {isa = PBXBuildFile; fileRef = 920477A91ECC21FD003CEACF /* LoginViewController.swift */; };
		920477AF1ECC2759003CEACF /* LoginInteractor.swift in Sources */ = {isa = PBXBuildFile; fileRef = 920477AE1ECC2759003CEACF /* LoginInteractor.swift */; };
		920477B11ECC2804003CEACF /* LoginEntity.swift in Sources */ = {isa = PBXBuildFile; fileRef = 920477B01ECC2804003CEACF /* LoginEntity.swift */; };
		920477B31ECC284D003CEACF /* LoginWireFrame.swift in Sources */ = {isa = PBXBuildFile; fileRef = 920477B21ECC284D003CEACF /* LoginWireFrame.swift */; };
		920477B51ECC288B003CEACF /* DataStore.swift in Sources */ = {isa = PBXBuildFile; fileRef = 920477B41ECC288B003CEACF /* DataStore.swift */; };
		920477B71ECC28B6003CEACF /* LoginPresenter.swift in Sources */ = {isa = PBXBuildFile; fileRef = 920477B61ECC28B6003CEACF /* LoginPresenter.swift */; };
		920477B91ECC333E003CEACF /* LoginSuccessViewController.swift in Sources */ = {isa = PBXBuildFile; fileRef = 920477B81ECC333E003CEACF /* LoginSuccessViewController.swift */; };
/* End PBXBuildFile section */

/* Begin PBXFileReference section */
		920477941ECC21EC003CEACF /* LoginViperDemo.app */ = {isa = PBXFileReference; explicitFileType = wrapper.application; includeInIndex = 0; path = LoginViperDemo.app; sourceTree = BUILT_PRODUCTS_DIR; };
		920477971ECC21EC003CEACF /* AppDelegate.swift */ = {isa = PBXFileReference; lastKnownFileType = sourcecode.swift; path = AppDelegate.swift; sourceTree = "<group>"; };
		920477991ECC21EC003CEACF /* ViewController.swift */ = {isa = PBXFileReference; lastKnownFileType = sourcecode.swift; path = ViewController.swift; sourceTree = "<group>"; };
		9204779C1ECC21EC003CEACF /* Base */ = {isa = PBXFileReference; lastKnownFileType = file.storyboard; name = Base; path = Base.lproj/Main.storyboard; sourceTree = "<group>"; };
		9204779E1ECC21EC003CEACF /* Assets.xcassets */ = {isa = PBXFileReference; lastKnownFileType = folder.assetcatalog; path = Assets.xcassets; sourceTree = "<group>"; };
		920477A11ECC21EC003CEACF /* Base */ = {isa = PBXFileReference; lastKnownFileType = file.storyboard; name = Base; path = Base.lproj/LaunchScreen.storyboard; sourceTree = "<group>"; };
		920477A31ECC21EC003CEACF /* Info.plist */ = {isa = PBXFileReference; lastKnownFileType = text.plist.xml; path = Info.plist; sourceTree = "<group>"; };
		920477A91ECC21FD003CEACF /* LoginViewController.swift */ = {isa = PBXFileReference; fileEncoding = 4; lastKnownFileType = sourcecode.swift; path = LoginViewController.swift; sourceTree = "<group>"; };
		920477AE1ECC2759003CEACF /* LoginInteractor.swift */ = {isa = PBXFileReference; fileEncoding = 4; lastKnownFileType = sourcecode.swift; path = LoginInteractor.swift; sourceTree = "<group>"; };
		920477B01ECC2804003CEACF /* LoginEntity.swift */ = {isa = PBXFileReference; fileEncoding = 4; lastKnownFileType = sourcecode.swift; path = LoginEntity.swift; sourceTree = "<group>"; };
		920477B21ECC284D003CEACF /* LoginWireFrame.swift */ = {isa = PBXFileReference; fileEncoding = 4; lastKnownFileType = sourcecode.swift; path = LoginWireFrame.swift; sourceTree = "<group>"; };
		920477B41ECC288B003CEACF /* DataStore.swift */ = {isa = PBXFileReference; fileEncoding = 4; lastKnownFileType = sourcecode.swift; path = DataStore.swift; sourceTree = "<group>"; };
		920477B61ECC28B6003CEACF /* LoginPresenter.swift */ = {isa = PBXFileReference; fileEncoding = 4; lastKnownFileType = sourcecode.swift; path = LoginPresenter.swift; sourceTree = "<group>"; };
		920477B81ECC333E003CEACF /* LoginSuccessViewController.swift */ = {isa = PBXFileReference; fileEncoding = 4; lastKnownFileType = sourcecode.swift; path = LoginSuccessViewController.swift; sourceTree = "<group>"; };
/* End PBXFileReference section */

/* Begin PBXFrameworksBuildPhase section */
		920477911ECC21EC003CEACF /* Frameworks */ = {
			isa = PBXFrameworksBuildPhase;
			buildActionMask = 2147483647;
			files = (
			);
			runOnlyForDeploymentPostprocessing = 0;
		};
/* End PBXFrameworksBuildPhase section */

/* Begin PBXGroup section */
		9204778B1ECC21EC003CEACF = {
			isa = PBXGroup;
			children = (
				920477961ECC21EC003CEACF /* LoginViperDemo */,
				920477951ECC21EC003CEACF /* Products */,
			);
			sourceTree = "<group>";
		};
		920477951ECC21EC003CEACF /* Products */ = {
			isa = PBXGroup;
			children = (
				920477941ECC21EC003CEACF /* LoginViperDemo.app */,
			);
			name = Products;
			sourceTree = "<group>";
		};
		920477961ECC21EC003CEACF /* LoginViperDemo */ = {
			isa = PBXGroup;
			children = (
				920477AB1ECC266F003CEACF /* LoginViper */,
				920477971ECC21EC003CEACF /* AppDelegate.swift */,
				920477A91ECC21FD003CEACF /* LoginViewController.swift */,
				920477B81ECC333E003CEACF /* LoginSuccessViewController.swift */,
				920477991ECC21EC003CEACF /* ViewController.swift */,
				9204779B1ECC21EC003CEACF /* Main.storyboard */,
				9204779E1ECC21EC003CEACF /* Assets.xcassets */,
				920477A01ECC21EC003CEACF /* LaunchScreen.storyboard */,
				920477A31ECC21EC003CEACF /* Info.plist */,
			);
			path = LoginViperDemo;
			sourceTree = "<group>";
		};
		920477AB1ECC266F003CEACF /* LoginViper */ = {
			isa = PBXGroup;
			children = (
				920477B61ECC28B6003CEACF /* LoginPresenter.swift */,
				920477AE1ECC2759003CEACF /* LoginInteractor.swift */,
				920477B01ECC2804003CEACF /* LoginEntity.swift */,
				920477B21ECC284D003CEACF /* LoginWireFrame.swift */,
				920477B41ECC288B003CEACF /* DataStore.swift */,
			);
			path = LoginViper;
			sourceTree = "<group>";
		};
/* End PBXGroup section */

/* Begin PBXNativeTarget section */
		920477931ECC21EC003CEACF /* LoginViperDemo */ = {
			isa = PBXNativeTarget;
			buildConfigurationList = 920477A61ECC21EC003CEACF /* Build configuration list for PBXNativeTarget "LoginViperDemo" */;
			buildPhases = (
				920477901ECC21EC003CEACF /* Sources */,
				920477911ECC21EC003CEACF /* Frameworks */,
				920477921ECC21EC003CEACF /* Resources */,
			);
			buildRules = (
			);
			dependencies = (
			);
			name = LoginViperDemo;
			productName = LoginViperDemo;
			productReference = 920477941ECC21EC003CEACF /* LoginViperDemo.app */;
			productType = "com.apple.product-type.application";
		};
/* End PBXNativeTarget section */

/* Begin PBXProject section */
		9204778C1ECC21EC003CEACF /* Project object */ = {
			isa = PBXProject;
			attributes = {
				LastSwiftUpdateCheck = 0830;
				LastUpgradeCheck = 0830;
				ORGANIZATIONNAME = Atarshine;
				TargetAttributes = {
					920477931ECC21EC003CEACF = {
						CreatedOnToolsVersion = 8.3.2;
						ProvisioningStyle = Automatic;
					};
				};
			};
			buildConfigurationList = 9204778F1ECC21EC003CEACF /* Build configuration list for PBXProject "LoginViperDemo" */;
			compatibilityVersion = "Xcode 3.2";
			developmentRegion = English;
			hasScannedForEncodings = 0;
			knownRegions = (
				en,
				Base,
			);
			mainGroup = 9204778B1ECC21EC003CEACF;
			productRefGroup = 920477951ECC21EC003CEACF /* Products */;
			projectDirPath = "";
			projectRoot = "";
			targets = (
				920477931ECC21EC003CEACF /* LoginViperDemo */,
			);
		};
/* End PBXProject section */

/* Begin PBXResourcesBuildPhase section */
		920477921ECC21EC003CEACF /* Resources */ = {
			isa = PBXResourcesBuildPhase;
			buildActionMask = 2147483647;
			files = (
				920477A21ECC21EC003CEACF /* LaunchScreen.storyboard in Resources */,
				9204779F1ECC21EC003CEACF /* Assets.xcassets in Resources */,
				9204779D1ECC21EC003CEACF /* Main.storyboard in Resources */,
			);
			runOnlyForDeploymentPostprocessing = 0;
		};
/* End PBXResourcesBuildPhase section */

/* Begin PBXSourcesBuildPhase section */
		920477901ECC21EC003CEACF /* Sources */ = {
			isa = PBXSourcesBuildPhase;
			buildActionMask = 2147483647;
			files = (
				920477AA1ECC21FD003CEACF /* LoginViewController.swift in Sources */,
				920477B51ECC288B003CEACF /* DataStore.swift in Sources */,
				920477B91ECC333E003CEACF /* LoginSuccessViewController.swift in Sources */,
				9204779A1ECC21EC003CEACF /* ViewController.swift in Sources */,
				920477B71ECC28B6003CEACF /* LoginPresenter.swift in Sources */,
				920477B11ECC2804003CEACF /* LoginEntity.swift in Sources */,
				920477AF1ECC2759003CEACF /* LoginInteractor.swift in Sources */,
				920477B31ECC284D003CEACF /* LoginWireFrame.swift in Sources */,
				920477981ECC21EC003CEACF /* AppDelegate.swift in Sources */,
			);
			runOnlyForDeploymentPostprocessing = 0;
		};
/* End PBXSourcesBuildPhase section */

/* Begin PBXVariantGroup section */
		9204779B1ECC21EC003CEACF /* Main.storyboard */ = {
			isa = PBXVariantGroup;
			children = (
				9204779C1ECC21EC003CEACF /* Base */,
			);
			name = Main.storyboard;
			sourceTree = "<group>";
		};
		920477A01ECC21EC003CEACF /* LaunchScreen.storyboard */ = {
			isa = PBXVariantGroup;
			children = (
				920477A11ECC21EC003CEACF /* Base */,
			);
			name = LaunchScreen.storyboard;
			sourceTree = "<group>";
		};
/* End PBXVariantGroup section */

/* Begin XCBuildConfiguration section */
		920477A41ECC21EC003CEACF /* Debug */ = {
			isa = XCBuildConfiguration;
			buildSettings = {
				ALWAYS_SEARCH_USER_PATHS = NO;
				CLANG_ANALYZER_NONNULL = YES;
				CLANG_ANALYZER_NUMBER_OBJECT_CONVERSION = YES_AGGRESSIVE;
				CLANG_CXX_LANGUAGE_STANDARD = "gnu++0x";
				CLANG_CXX_LIBRARY = "libc++";
				CLANG_ENABLE_MODULES = YES;
				CLANG_ENABLE_OBJC_ARC = YES;
				CLANG_WARN_BOOL_CONVERSION = YES;
				CLANG_WARN_CONSTANT_CONVERSION = YES;
				CLANG_WARN_DIRECT_OBJC_ISA_USAGE = YES_ERROR;
				CLANG_WARN_DOCUMENTATION_COMMENTS = YES;
				CLANG_WARN_EMPTY_BODY = YES;
				CLANG_WARN_ENUM_CONVERSION = YES;
				CLANG_WARN_INFINITE_RECURSION = YES;
				CLANG_WARN_INT_CONVERSION = YES;
				CLANG_WARN_OBJC_ROOT_CLASS = YES_ERROR;
				CLANG_WARN_SUSPICIOUS_MOVE = YES;
				CLANG_WARN_UNREACHABLE_CODE = YES;
				CLANG_WARN__DUPLICATE_METHOD_MATCH = YES;
				"CODE_SIGN_IDENTITY[sdk=iphoneos*]" = "iPhone Developer";
				COPY_PHASE_STRIP = NO;
				DEBUG_INFORMATION_FORMAT = dwarf;
				ENABLE_STRICT_OBJC_MSGSEND = YES;
				ENABLE_TESTABILITY = YES;
				GCC_C_LANGUAGE_STANDARD = gnu99;
				GCC_DYNAMIC_NO_PIC = NO;
				GCC_NO_COMMON_BLOCKS = YES;
				GCC_OPTIMIZATION_LEVEL = 0;
				GCC_PREPROCESSOR_DEFINITIONS = (
					"DEBUG=1",
					"$(inherited)",
				);
				GCC_WARN_64_TO_32_BIT_CONVERSION = YES;
				GCC_WARN_ABOUT_RETURN_TYPE = YES_ERROR;
				GCC_WARN_UNDECLARED_SELECTOR = YES;
				GCC_WARN_UNINITIALIZED_AUTOS = YES_AGGRESSIVE;
				GCC_WARN_UNUSED_FUNCTION = YES;
				GCC_WARN_UNUSED_VARIABLE = YES;
				IPHONEOS_DEPLOYMENT_TARGET = 10.3;
				MTL_ENABLE_DEBUG_INFO = YES;
				ONLY_ACTIVE_ARCH = YES;
				SDKROOT = iphoneos;
				SWIFT_ACTIVE_COMPILATION_CONDITIONS = DEBUG;
				SWIFT_OPTIMIZATION_LEVEL = "-Onone";
			};
			name = Debug;
		};
		920477A51ECC21EC003CEACF /* Release */ = {
			isa = XCBuildConfiguration;
			buildSettings = {
				ALWAYS_SEARCH_USER_PATHS = NO;
				CLANG_ANALYZER_NONNULL = YES;
				CLANG_ANALYZER_NUMBER_OBJECT_CONVERSION = YES_AGGRESSIVE;
				CLANG_CXX_LANGUAGE_STANDARD = "gnu++0x";
				CLANG_CXX_LIBRARY = "libc++";
				CLANG_ENABLE_MODULES = YES;
				CLANG_ENABLE_OBJC_ARC = YES;
				CLANG_WARN_BOOL_CONVERSION = YES;
				CLANG_WARN_CONSTANT_CONVERSION = YES;
				CLANG_WARN_DIRECT_OBJC_ISA_USAGE = YES_ERROR;
				CLANG_WARN_DOCUMENTATION_COMMENTS = YES;
				CLANG_WARN_EMPTY_BODY = YES;
				CLANG_WARN_ENUM_CONVERSION = YES;
				CLANG_WARN_INFINITE_RECURSION = YES;
				CLANG_WARN_INT_CONVERSION = YES;
				CLANG_WARN_OBJC_ROOT_CLASS = YES_ERROR;
				CLANG_WARN_SUSPICIOUS_MOVE = YES;
				CLANG_WARN_UNREACHABLE_CODE = YES;
				CLANG_WARN__DUPLICATE_METHOD_MATCH = YES;
				"CODE_SIGN_IDENTITY[sdk=iphoneos*]" = "iPhone Developer";
				COPY_PHASE_STRIP = NO;
				DEBUG_INFORMATION_FORMAT = "dwarf-with-dsym";
				ENABLE_NS_ASSERTIONS = NO;
				ENABLE_STRICT_OBJC_MSGSEND = YES;
				GCC_C_LANGUAGE_STANDARD = gnu99;
				GCC_NO_COMMON_BLOCKS = YES;
				GCC_WARN_64_TO_32_BIT_CONVERSION = YES;
				GCC_WARN_ABOUT_RETURN_TYPE = YES_ERROR;
				GCC_WARN_UNDECLARED_SELECTOR = YES;
				GCC_WARN_UNINITIALIZED_AUTOS = YES_AGGRESSIVE;
				GCC_WARN_UNUSED_FUNCTION = YES;
				GCC_WARN_UNUSED_VARIABLE = YES;
				IPHONEOS_DEPLOYMENT_TARGET = 10.3;
				MTL_ENABLE_DEBUG_INFO = NO;
				SDKROOT = iphoneos;
				SWIFT_OPTIMIZATION_LEVEL = "-Owholemodule";
				VALIDATE_PRODUCT = YES;
			};
			name = Release;
		};
		920477A71ECC21EC003CEACF /* Debug */ = {
			isa = XCBuildConfiguration;
			buildSettings = {
				ASSETCATALOG_COMPILER_APPICON_NAME = AppIcon;
				INFOPLIST_FILE = LoginViperDemo/Info.plist;
				LD_RUNPATH_SEARCH_PATHS = "$(inherited) @executable_path/Frameworks";
				PRODUCT_BUNDLE_IDENTIFIER = ominext.LoginViperDemo;
				PRODUCT_NAME = "$(TARGET_NAME)";
				SWIFT_VERSION = 3.0;
			};
			name = Debug;
		};
		920477A81ECC21EC003CEACF /* Release */ = {
			isa = XCBuildConfiguration;
			buildSettings = {
				ASSETCATALOG_COMPILER_APPICON_NAME = AppIcon;
				INFOPLIST_FILE = LoginViperDemo/Info.plist;
				LD_RUNPATH_SEARCH_PATHS = "$(inherited) @executable_path/Frameworks";
				PRODUCT_BUNDLE_IDENTIFIER = ominext.LoginViperDemo;
				PRODUCT_NAME = "$(TARGET_NAME)";
				SWIFT_VERSION = 3.0;
			};
			name = Release;
		};
/* End XCBuildConfiguration section */

/* Begin XCConfigurationList section */
		9204778F1ECC21EC003CEACF /* Build configuration list for PBXProject "LoginViperDemo" */ = {
			isa = XCConfigurationList;
			buildConfigurations = (
				920477A41ECC21EC003CEACF /* Debug */,
				920477A51ECC21EC003CEACF /* Release */,
			);
			defaultConfigurationIsVisible = 0;
			defaultConfigurationName = Release;
		};
		920477A61ECC21EC003CEACF /* Build configuration list for PBXNativeTarget "LoginViperDemo" */ = {
			isa = XCConfigurationList;
			buildConfigurations = (
				920477A71ECC21EC003CEACF /* Debug */,
				920477A81ECC21EC003CEACF /* Release */,
			);
			defaultConfigurationIsVisible = 0;
			defaultConfigurationName = Release;
		};
/* End XCConfigurationList section */
	};
	rootObject = 9204778C1ECC21EC003CEACF /* Project object */;
}
